
Microsoft Visual Studio Solution File, Format Version 12.00
# Visual Studio Version 17
VisualStudioVersion = 17.14.36623.8
MinimumVisualStudioVersion = 10.0.40219.1
Project("{FAE04EC0-301F-11D3-BF4B-00C04F79EFBC}") = "TournamentTracker", "TournamentTracker\TournamentTracker.csproj", "{9A197B5A-C1E3-46D9-9465-81B4B3E77E73}"
EndProject
Project("{FAE04EC0-301F-11D3-BF4B-00C04F79EFBC}") = "TrackerUi", "TrackerUi\TrackerUi.csproj", "{31743C91-29E6-4D77-BAD4-69B7AB084580}"
EndProject
Global
	GlobalSection(SolutionConfigurationPlatforms) = preSolution
		Debug|Any CPU = Debug|Any CPU
		Release|Any CPU = Release|Any CPU
	EndGlobalSection
	GlobalSection(ProjectConfigurationPlatforms) = postSolution
		{9A197B5A-C1E3-46D9-9465-81B4B3E77E73}.Debug|Any CPU.ActiveCfg = Debug|Any CPU
		{9A197B5A-C1E3-46D9-9465-81B4B3E77E73}.Debug|Any CPU.Build.0 = Debug|Any CPU
		{9A197B5A-C1E3-46D9-9465-81B4B3E77E73}.Release|Any CPU.ActiveCfg = Release|Any CPU
		{9A197B5A-C1E3-46D9-9465-81B4B3E77E73}.Release|Any CPU.Build.0 = Release|Any CPU
		{31743C91-29E6-4D77-BAD4-69B7AB084580}.Debug|Any CPU.ActiveCfg = Debug|Any CPU
		{31743C91-29E6-4D77-BAD4-69B7AB084580}.Debug|Any CPU.Build.0 = Debug|Any CPU
		{31743C91-29E6-4D77-BAD4-69B7AB084580}.Release|Any CPU.ActiveCfg = Release|Any CPU
		{31743C91-29E6-4D77-BAD4-69B7AB084580}.Release|Any CPU.Build.0 = Release|Any CPU
	EndGlobalSection
	GlobalSection(SolutionProperties) = preSolution
		HideSolutionNode = FALSE
	EndGlobalSection
	GlobalSection(ExtensibilityGlobals) = postSolution
		SolutionGuid = {51BE3DC9-FEFC-4149-B213-3239182486D5}
	EndGlobalSection
EndGlobal
